
Microsoft Visual Studio Solution File, Format Version 12.00
# Visual Studio Version 16
VisualStudioVersion = 16.0.30804.86
MinimumVisualStudioVersion = 10.0.40219.1
Project("{9A19103F-16F7-4668-BE54-9A1E7A4F7556}") = "MyNet", "MyNet\MyNet.csproj", "{11F356E7-2EFA-4B8A-8028-1631501E0858}"
EndProject
Project("{2150E333-8FDC-42A3-9474-1A3956D46DE8}") = "Solution Items", "Solution Items", "{7A7DB189-61F0-4A32-A9BB-923B11E84CFB}"
	ProjectSection(SolutionItems) = preProject
		.editorconfig = .editorconfig
	EndProjectSection
EndProject
Global
	GlobalSection(SolutionConfigurationPlatforms) = preSolution
		Debug|Any CPU = Debug|Any CPU
		Release|Any CPU = Release|Any CPU
	EndGlobalSection
	GlobalSection(ProjectConfigurationPlatforms) = postSolution
		{11F356E7-2EFA-4B8A-8028-1631501E0858}.Debug|Any CPU.ActiveCfg = Debug|Any CPU
		{11F356E7-2EFA-4B8A-8028-1631501E0858}.Debug|Any CPU.Build.0 = Debug|Any CPU
		{11F356E7-2EFA-4B8A-8028-1631501E0858}.Release|Any CPU.ActiveCfg = Release|Any CPU
		{11F356E7-2EFA-4B8A-8028-1631501E0858}.Release|Any CPU.Build.0 = Release|Any CPU
	EndGlobalSection
	GlobalSection(SolutionProperties) = preSolution
		HideSolutionNode = FALSE
	EndGlobalSection
	GlobalSection(ExtensibilityGlobals) = postSolution
		SolutionGuid = {2AEC2B5C-3CA8-4E8F-915F-7C8D606A44AF}
	EndGlobalSection
EndGlobal
